
Microsoft Visual Studio Solution File, Format Version 12.00
# Visual Studio Version 17
VisualStudioVersion = 17.5.002.0
MinimumVisualStudioVersion = 10.0.40219.1
Project("{9A19103F-16F7-4668-BE54-9A1E7A4F7556}") = "LeilaoService", "LeilaoService.csproj", "{F3B4DB31-FFEC-4B9A-B460-AF493435341C}"
EndProject
Global
	GlobalSection(SolutionConfigurationPlatforms) = preSolution
		Debug|Any CPU = Debug|Any CPU
		Release|Any CPU = Release|Any CPU
	EndGlobalSection
	GlobalSection(ProjectConfigurationPlatforms) = postSolution
		{F3B4DB31-FFEC-4B9A-B460-AF493435341C}.Debug|Any CPU.ActiveCfg = Debug|Any CPU
		{F3B4DB31-FFEC-4B9A-B460-AF493435341C}.Debug|Any CPU.Build.0 = Debug|Any CPU
		{F3B4DB31-FFEC-4B9A-B460-AF493435341C}.Release|Any CPU.ActiveCfg = Release|Any CPU
		{F3B4DB31-FFEC-4B9A-B460-AF493435341C}.Release|Any CPU.Build.0 = Release|Any CPU
	EndGlobalSection
	GlobalSection(SolutionProperties) = preSolution
		HideSolutionNode = FALSE
	EndGlobalSection
	GlobalSection(ExtensibilityGlobals) = postSolution
		SolutionGuid = {3D2A705E-0B18-4C4C-90C4-28CFAD8D2160}
	EndGlobalSection
EndGlobal
